
Microsoft Visual Studio Solution File, Format Version 12.00
# Visual Studio Version 16
VisualStudioVersion = 25.0.1703.5
MinimumVisualStudioVersion = 10.0.40219.1
Project("{FAE04EC0-301F-11D3-BF4B-00C04F79EFBC}") = "Module2HM6", "Module2HM6.csproj", "{608B5C91-2F14-4CD4-963A-DDC31380DBF4}"
EndProject
Global
	GlobalSection(SolutionConfigurationPlatforms) = preSolution
		Debug|Any CPU = Debug|Any CPU
		Release|Any CPU = Release|Any CPU
	EndGlobalSection
	GlobalSection(ProjectConfigurationPlatforms) = postSolution
		{608B5C91-2F14-4CD4-963A-DDC31380DBF4}.Debug|Any CPU.ActiveCfg = Debug|Any CPU
		{608B5C91-2F14-4CD4-963A-DDC31380DBF4}.Debug|Any CPU.Build.0 = Debug|Any CPU
		{608B5C91-2F14-4CD4-963A-DDC31380DBF4}.Release|Any CPU.ActiveCfg = Release|Any CPU
		{608B5C91-2F14-4CD4-963A-DDC31380DBF4}.Release|Any CPU.Build.0 = Release|Any CPU
	EndGlobalSection
	GlobalSection(SolutionProperties) = preSolution
		HideSolutionNode = FALSE
	EndGlobalSection
	GlobalSection(ExtensibilityGlobals) = postSolution
		SolutionGuid = {75DB92F7-279B-45C1-AC77-482850EB9D75}
	EndGlobalSection
EndGlobal
